<?xml version="1.0" encoding="utf-8"?>
<Project ToolsVersion="4.0" xmlns="http://schemas.microsoft.com/developer/msbuild/2003">
  <ItemGroup>
    <Filter Include="ソース ファイル">
      <UniqueIdentifier>{4FC737F1-C7A5-4376-A066-2A32D752A2FF}</UniqueIdentifier>
      <Extensions>cpp;c;cc;cxx;def;odl;idl;hpj;bat;asm;asmx</Extensions>
    </Filter>
    <Filter Include="ヘッダー ファイル">
      <UniqueIdentifier>{93995380-89BD-4b04-88EB-625FBE52EBFB}</UniqueIdentifier>
      <Extensions>h;hh;hpp;hxx;hm;inl;inc;xsd</Extensions>
    </Filter>
    <Filter Include="リソース ファイル">
      <UniqueIdentifier>{67DA6AB6-F800-4c08-8B7A-83BB121AAD01}</UniqueIdentifier>
      <Extensions>rc;ico;cur;bmp;dlg;rc2;rct;bin;rgs;gif;jpg;jpeg;jpe;resx;tiff;tif;png;wav;mfcribbon-ms</Extensions>
    </Filter>
    <Filter Include="ソース ファイル\OpenGL">
      <UniqueIdentifier>{19d868ab-46f1-43bf-ad8c-c77de991f93a}</UniqueIdentifier>
    </Filter>
    <Filter Include="ヘッダー ファイル\OpenGL">
      <UniqueIdentifier>{db686f01-2107-4113-8852-8d9f6f6cbe6c}</UniqueIdentifier>
    </Filter>
    <Filter Include="ヘッダー ファイル\Sim">
      <UniqueIdentifier>{d0e2aaa3-cb4c-4014-bc4b-fb0e15010b61}</UniqueIdentifier>
    </Filter>
    <Filter Include="ソース ファイル\Sim">
      <UniqueIdentifier>{36330b76-1b14-4adb-8ce1-dbbb081cdcbc}</UniqueIdentifier>
    </Filter>
    <Filter Include="ソース ファイル\Controller">
      <UniqueIdentifier>{00d1b14d-1cbe-4442-95f0-10bdc6657e82}</UniqueIdentifier>
    </Filter>
    <Filter Include="ヘッダー ファイル\Controller">
      <UniqueIdentifier>{acd15184-07de-4ae8-aa9f-424577f784b1}</UniqueIdentifier>
    </Filter>
    <Filter Include="GLSL">
      <UniqueIdentifier>{c9ba8eb5-185a-402b-8b9f-4c705331524e}</UniqueIdentifier>
    </Filter>
    <Filter Include="ソース ファイル\Manager">
      <UniqueIdentifier>{2e716f55-5d06-4bf9-9319-e6ddc6316117}</UniqueIdentifier>
    </Filter>
    <Filter Include="ヘッダー ファイル\Manager">
      <UniqueIdentifier>{b60507f0-0be6-4d4f-9e5a-53b6d5c6158b}</UniqueIdentifier>
    </Filter>
  </ItemGroup>
  <ItemGroup>
    <ClCompile Include="..\..\OpenGL\src\controls.cpp">
      <Filter>ソース ファイル\OpenGL</Filter>
    </ClCompile>
    <ClCompile Include="..\..\OpenGL\src\Importer.cpp">
      <Filter>ソース ファイル\OpenGL</Filter>
    </ClCompile>
    <ClCompile Include="..\..\OpenGL\src\main.cpp">
      <Filter>ソース ファイル\OpenGL</Filter>
    </ClCompile>
    <ClCompile Include="..\..\OpenGL\src\Object.cpp">
      <Filter>ソース ファイル\OpenGL</Filter>
    </ClCompile>
    <ClCompile Include="..\..\OpenGL\src\PostProcessing.cpp">
      <Filter>ソース ファイル\OpenGL</Filter>
    </ClCompile>
    <ClCompile Include="..\..\OpenGL\src\shader.cpp">
      <Filter>ソース ファイル\OpenGL</Filter>
    </ClCompile>
    <ClCompile Include="..\..\OpenGL\src\texture.cpp">
      <Filter>ソース ファイル\OpenGL</Filter>
    </ClCompile>
    <ClCompile Include="..\..\OpenGL\src\World.cpp">
      <Filter>ソース ファイル\OpenGL</Filter>
    </ClCompile>
    <ClCompile Include="..\..\src\Sim\MC_components.cpp">
      <Filter>ソース ファイル\Sim</Filter>
    </ClCompile>
    <ClCompile Include="..\..\src\Sim\MC_core.cpp">
      <Filter>ソース ファイル\Sim</Filter>
    </ClCompile>
    <ClCompile Include="..\..\src\Sim\MC_generator.cpp">
      <Filter>ソース ファイル\Sim</Filter>
    </ClCompile>
    <ClCompile Include="..\..\src\Controller\Base.cpp">
      <Filter>ソース ファイル\Controller</Filter>
    </ClCompile>
    <ClCompile Include="..\..\src\Controller\Controller_test.cpp">
      <Filter>ソース ファイル\Controller</Filter>
    </ClCompile>
    <ClCompile Include="..\..\src\Manager\Manager.cpp">
      <Filter>ソース ファイル\Manager</Filter>
    </ClCompile>
    <ClCompile Include="..\..\OpenGL\src\Supervisor.cpp">
      <Filter>ソース ファイル\OpenGL</Filter>
    </ClCompile>
  </ItemGroup>
  <ItemGroup>
    <ClInclude Include="..\..\OpenGL\include\controls.hpp">
      <Filter>ヘッダー ファイル\OpenGL</Filter>
    </ClInclude>
    <ClInclude Include="..\..\OpenGL\include\Importer.hpp">
      <Filter>ヘッダー ファイル\OpenGL</Filter>
    </ClInclude>
    <ClInclude Include="..\..\OpenGL\include\PostProcessing.hpp">
      <Filter>ヘッダー ファイル\OpenGL</Filter>
    </ClInclude>
    <ClInclude Include="..\..\OpenGL\include\shader.hpp">
      <Filter>ヘッダー ファイル\OpenGL</Filter>
    </ClInclude>
    <ClInclude Include="..\..\OpenGL\include\texture.hpp">
      <Filter>ヘッダー ファイル\OpenGL</Filter>
    </ClInclude>
    <ClInclude Include="..\..\OpenGL\include\World.hpp">
      <Filter>ヘッダー ファイル\OpenGL</Filter>
    </ClInclude>
    <ClInclude Include="..\..\include\Sim\MC.hpp">
      <Filter>ヘッダー ファイル\Sim</Filter>
    </ClInclude>
    <ClInclude Include="..\..\include\Controller\Controller_test.hpp">
      <Filter>ヘッダー ファイル\Controller</Filter>
    </ClInclude>
    <ClInclude Include="..\..\include\Controller\Base.hpp">
      <Filter>ヘッダー ファイル\Controller</Filter>
    </ClInclude>
    <ClInclude Include="..\..\include\Manager\Manager.hpp">
      <Filter>ヘッダー ファイル\Manager</Filter>
    </ClInclude>
    <ClInclude Include="..\..\OpenGL\include\Supervisor.hpp">
      <Filter>ヘッダー ファイル\OpenGL</Filter>
    </ClInclude>
  </ItemGroup>
  <ItemGroup>
    <None Include="..\..\OpenGL\glsl\depth_viewer_vs.glsl">
      <Filter>GLSL</Filter>
    </None>
    <None Include="..\..\OpenGL\glsl\fxaa_fs.glsl">
      <Filter>GLSL</Filter>
    </None>
    <None Include="..\..\OpenGL\glsl\fxaa_fs2.glsl">
      <Filter>GLSL</Filter>
    </None>
    <None Include="..\..\OpenGL\glsl\fxaa_vs.glsl">
      <Filter>GLSL</Filter>
    </None>
    <None Include="..\..\OpenGL\glsl\fxaa_vs2.glsl">
      <Filter>GLSL</Filter>
    </None>
    <None Include="..\..\OpenGL\glsl\pp_fs.glsl">
      <Filter>GLSL</Filter>
    </None>
    <None Include="..\..\OpenGL\glsl\pp_vs.glsl">
      <Filter>GLSL</Filter>
    </None>
    <None Include="..\..\OpenGL\glsl\shadow_mapping_depth_fs.glsl">
      <Filter>GLSL</Filter>
    </None>
    <None Include="..\..\OpenGL\glsl\shadow_mapping_depth_vs.glsl">
      <Filter>GLSL</Filter>
    </None>
    <None Include="..\..\OpenGL\glsl\shadow_mapping_fs.glsl">
      <Filter>GLSL</Filter>
    </None>
    <None Include="..\..\OpenGL\glsl\shadow_mapping_standard_fs.glsl">
      <Filter>GLSL</Filter>
    </None>
    <None Include="..\..\OpenGL\glsl\shadow_mapping_standard_vs.glsl">
      <Filter>GLSL</Filter>
    </None>
    <None Include="..\..\OpenGL\glsl\shadow_mapping_vs.glsl">
      <Filter>GLSL</Filter>
    </None>
    <None Include="..\..\OpenGL\glsl\StandardShading_fs.glsl">
      <Filter>GLSL</Filter>
    </None>
    <None Include="..\..\OpenGL\glsl\StandardShading_fs_non_tex.glsl">
      <Filter>GLSL</Filter>
    </None>
    <None Include="..\..\OpenGL\glsl\StandardShading_vs.glsl">
      <Filter>GLSL</Filter>
    </None>
    <None Include="..\..\OpenGL\glsl\StandardShading_vs_non_tex.glsl">
      <Filter>GLSL</Filter>
    </None>
    <None Include="..\..\OpenGL\glsl\depth_viewer_fs.glsl">
      <Filter>GLSL</Filter>
    </None>
    <None Include="ClassDiagram.cd" />
    <None Include="ClassDiagram1.cd" />
  </ItemGroup>
</Project>